
Microsoft Visual Studio Solution File, Format Version 12.00
# Visual Studio Version 17
VisualStudioVersion = 17.0.31903.59
MinimumVisualStudioVersion = 10.0.40219.1
Project("{FAE04EC0-301F-11D3-BF4B-00C04F79EFBC}") = "DesignPatterns.SingleResponsibility", "DesignPatterns.SingleResponsibility\DesignPatterns.SingleResponsibility.csproj", "{2A93E50D-FAC7-4350-82CB-BFD72BAD2F03}"
EndProject
Project("{FAE04EC0-301F-11D3-BF4B-00C04F79EFBC}") = "DesignPatterns.OpenClosedPrinciple", "DesignPatterns.OpenClosedPrinciple\DesignPatterns.OpenClosedPrinciple.csproj", "{409C8221-7158-4102-B56B-7B5576AE8C25}"
EndProject
Project("{FAE04EC0-301F-11D3-BF4B-00C04F79EFBC}") = "DesignPatterns.LiskovSubstitution", "DesignPatterns.LiskovSubstitution\DesignPatterns.LiskovSubstitution.csproj", "{C24F97A7-99FC-4A08-88D4-E57A475C1C23}"
EndProject
Project("{FAE04EC0-301F-11D3-BF4B-00C04F79EFBC}") = "DesignPatterns.InterfaceSegregation", "DesignPatterns.InterfaceSegregation\DesignPatterns.InterfaceSegregation.csproj", "{26F4F990-16DD-471A-8395-C009A66AD49D}"
EndProject
Project("{FAE04EC0-301F-11D3-BF4B-00C04F79EFBC}") = "DependencyInversion", "DependencyInversion\DependencyInversion.csproj", "{6BCF0331-2265-4629-BC93-C19DC9693FD4}"
EndProject
Project("{FAE04EC0-301F-11D3-BF4B-00C04F79EFBC}") = "DesignPatterns.Builder", "DesignPatterns.Builder\DesignPatterns.Builder.csproj", "{3D53CE4D-9D32-471A-B3FD-A8BD31A90023}"
EndProject
Project("{FAE04EC0-301F-11D3-BF4B-00C04F79EFBC}") = "DesignPatterns.Factory", "DesignPatterns.Factory\DesignPatterns.Factory.csproj", "{11CF9710-4736-4A10-93F6-C35FBC6A6798}"
EndProject
Project("{FAE04EC0-301F-11D3-BF4B-00C04F79EFBC}") = "DesignPatterns.Abstract", "DesignPatterns.Abstract\DesignPatterns.Abstract.csproj", "{2030D059-1DAE-40D8-A3C2-C416662413E1}"
EndProject
Project("{FAE04EC0-301F-11D3-BF4B-00C04F79EFBC}") = "DesignPatterns.Prototype", "DesignPatterns.Prototype\DesignPatterns.Prototype.csproj", "{5D3BF4B0-2BE8-4B38-98D5-DAB2887E923A}"
EndProject
Project("{FAE04EC0-301F-11D3-BF4B-00C04F79EFBC}") = "DesignPatterns.Singleton", "DesignPatterns.Singleton\DesignPatterns.Singleton.csproj", "{87BE1B02-29B2-46AB-9135-730D993DFC20}"
EndProject
Project("{FAE04EC0-301F-11D3-BF4B-00C04F79EFBC}") = "DesignPatterns.Singleton.Tests", "DesignPatterns.Singleton.Tests\DesignPatterns.Singleton.Tests.csproj", "{2EC6471C-BB39-49EA-A6E9-0ED00550E954}"
EndProject
Global
	GlobalSection(SolutionConfigurationPlatforms) = preSolution
		Debug|Any CPU = Debug|Any CPU
		Release|Any CPU = Release|Any CPU
	EndGlobalSection
	GlobalSection(SolutionProperties) = preSolution
		HideSolutionNode = FALSE
	EndGlobalSection
	GlobalSection(ProjectConfigurationPlatforms) = postSolution
		{2A93E50D-FAC7-4350-82CB-BFD72BAD2F03}.Debug|Any CPU.ActiveCfg = Debug|Any CPU
		{2A93E50D-FAC7-4350-82CB-BFD72BAD2F03}.Debug|Any CPU.Build.0 = Debug|Any CPU
		{2A93E50D-FAC7-4350-82CB-BFD72BAD2F03}.Release|Any CPU.ActiveCfg = Release|Any CPU
		{2A93E50D-FAC7-4350-82CB-BFD72BAD2F03}.Release|Any CPU.Build.0 = Release|Any CPU
		{409C8221-7158-4102-B56B-7B5576AE8C25}.Debug|Any CPU.ActiveCfg = Debug|Any CPU
		{409C8221-7158-4102-B56B-7B5576AE8C25}.Debug|Any CPU.Build.0 = Debug|Any CPU
		{409C8221-7158-4102-B56B-7B5576AE8C25}.Release|Any CPU.ActiveCfg = Release|Any CPU
		{409C8221-7158-4102-B56B-7B5576AE8C25}.Release|Any CPU.Build.0 = Release|Any CPU
		{C24F97A7-99FC-4A08-88D4-E57A475C1C23}.Debug|Any CPU.ActiveCfg = Debug|Any CPU
		{C24F97A7-99FC-4A08-88D4-E57A475C1C23}.Debug|Any CPU.Build.0 = Debug|Any CPU
		{C24F97A7-99FC-4A08-88D4-E57A475C1C23}.Release|Any CPU.ActiveCfg = Release|Any CPU
		{C24F97A7-99FC-4A08-88D4-E57A475C1C23}.Release|Any CPU.Build.0 = Release|Any CPU
		{26F4F990-16DD-471A-8395-C009A66AD49D}.Debug|Any CPU.ActiveCfg = Debug|Any CPU
		{26F4F990-16DD-471A-8395-C009A66AD49D}.Debug|Any CPU.Build.0 = Debug|Any CPU
		{26F4F990-16DD-471A-8395-C009A66AD49D}.Release|Any CPU.ActiveCfg = Release|Any CPU
		{26F4F990-16DD-471A-8395-C009A66AD49D}.Release|Any CPU.Build.0 = Release|Any CPU
		{6BCF0331-2265-4629-BC93-C19DC9693FD4}.Debug|Any CPU.ActiveCfg = Debug|Any CPU
		{6BCF0331-2265-4629-BC93-C19DC9693FD4}.Debug|Any CPU.Build.0 = Debug|Any CPU
		{6BCF0331-2265-4629-BC93-C19DC9693FD4}.Release|Any CPU.ActiveCfg = Release|Any CPU
		{6BCF0331-2265-4629-BC93-C19DC9693FD4}.Release|Any CPU.Build.0 = Release|Any CPU
		{3D53CE4D-9D32-471A-B3FD-A8BD31A90023}.Debug|Any CPU.ActiveCfg = Debug|Any CPU
		{3D53CE4D-9D32-471A-B3FD-A8BD31A90023}.Debug|Any CPU.Build.0 = Debug|Any CPU
		{3D53CE4D-9D32-471A-B3FD-A8BD31A90023}.Release|Any CPU.ActiveCfg = Release|Any CPU
		{3D53CE4D-9D32-471A-B3FD-A8BD31A90023}.Release|Any CPU.Build.0 = Release|Any CPU
		{11CF9710-4736-4A10-93F6-C35FBC6A6798}.Debug|Any CPU.ActiveCfg = Debug|Any CPU
		{11CF9710-4736-4A10-93F6-C35FBC6A6798}.Debug|Any CPU.Build.0 = Debug|Any CPU
		{11CF9710-4736-4A10-93F6-C35FBC6A6798}.Release|Any CPU.ActiveCfg = Release|Any CPU
		{11CF9710-4736-4A10-93F6-C35FBC6A6798}.Release|Any CPU.Build.0 = Release|Any CPU
		{2030D059-1DAE-40D8-A3C2-C416662413E1}.Debug|Any CPU.ActiveCfg = Debug|Any CPU
		{2030D059-1DAE-40D8-A3C2-C416662413E1}.Debug|Any CPU.Build.0 = Debug|Any CPU
		{2030D059-1DAE-40D8-A3C2-C416662413E1}.Release|Any CPU.ActiveCfg = Release|Any CPU
		{2030D059-1DAE-40D8-A3C2-C416662413E1}.Release|Any CPU.Build.0 = Release|Any CPU
		{87BE1B02-29B2-46AB-9135-730D993DFC20}.Debug|Any CPU.ActiveCfg = Debug|Any CPU
		{87BE1B02-29B2-46AB-9135-730D993DFC20}.Debug|Any CPU.Build.0 = Debug|Any CPU
		{87BE1B02-29B2-46AB-9135-730D993DFC20}.Release|Any CPU.ActiveCfg = Release|Any CPU
		{87BE1B02-29B2-46AB-9135-730D993DFC20}.Release|Any CPU.Build.0 = Release|Any CPU
		{2EC6471C-BB39-49EA-A6E9-0ED00550E954}.Debug|Any CPU.ActiveCfg = Debug|Any CPU
		{2EC6471C-BB39-49EA-A6E9-0ED00550E954}.Debug|Any CPU.Build.0 = Debug|Any CPU
		{2EC6471C-BB39-49EA-A6E9-0ED00550E954}.Release|Any CPU.ActiveCfg = Release|Any CPU
		{2EC6471C-BB39-49EA-A6E9-0ED00550E954}.Release|Any CPU.Build.0 = Release|Any CPU
	EndGlobalSection
EndGlobal
